// !$*UTF8*$!
{
	archiveVersion = 1;
	classes = {
	};
	objectVersion = 46;
	objects = {

/* Begin PBXBuildFile section */
		7DBFAEF11D089050006EAD4B /* AppDelegate.swift in Sources */ = {isa = PBXBuildFile; fileRef = 7DBFAEF01D089050006EAD4B /* AppDelegate.swift */; };
		7DBFAEF81D089050006EAD4B /* Assets.xcassets in Resources */ = {isa = PBXBuildFile; fileRef = 7DBFAEF71D089050006EAD4B /* Assets.xcassets */; };
		7DBFAEFB1D089050006EAD4B /* LaunchScreen.storyboard in Resources */ = {isa = PBXBuildFile; fileRef = 7DBFAEF91D089050006EAD4B /* LaunchScreen.storyboard */; };
		7DD0311E1D0EA8F500681639 /* LandingViewController.swift in Sources */ = {isa = PBXBuildFile; fileRef = 7DD0311C1D0EA8F500681639 /* LandingViewController.swift */; };
		7DD0311F1D0EA8F500681639 /* LandingViewController.xib in Resources */ = {isa = PBXBuildFile; fileRef = 7DD0311D1D0EA8F500681639 /* LandingViewController.xib */; };
		7DD031211D0EAE5D00681639 /* MapKit.framework in Frameworks */ = {isa = PBXBuildFile; fileRef = 7DD031201D0EAE5D00681639 /* MapKit.framework */; };
		7DD031241D0EAE9800681639 /* Place.swift in Sources */ = {isa = PBXBuildFile; fileRef = 7DD031231D0EAE9800681639 /* Place.swift */; };
		7DD031291D0EB62700681639 /* SpotTableViewCell.swift in Sources */ = {isa = PBXBuildFile; fileRef = 7DD031271D0EB62700681639 /* SpotTableViewCell.swift */; };
		7DD0312D1D0EB69700681639 /* star_black.png in Resources */ = {isa = PBXBuildFile; fileRef = 7DD0312C1D0EB69700681639 /* star_black.png */; };
		7DD0312F1D0EB69F00681639 /* star_pink.png in Resources */ = {isa = PBXBuildFile; fileRef = 7DD0312E1D0EB69F00681639 /* star_pink.png */; };
		7DD031591D10095100681639 /* HomeScreenViewController.swift in Sources */ = {isa = PBXBuildFile; fileRef = 7DD031571D10095100681639 /* HomeScreenViewController.swift */; };
		7DD0315A1D10095100681639 /* HomeScreenViewController.xib in Resources */ = {isa = PBXBuildFile; fileRef = 7DD031581D10095100681639 /* HomeScreenViewController.xib */; };
		7DD0315D1D100AF600681639 /* LoginViewController.swift in Sources */ = {isa = PBXBuildFile; fileRef = 7DD0315B1D100AF600681639 /* LoginViewController.swift */; };
		7DD0315E1D100AF600681639 /* LoginViewController.xib in Resources */ = {isa = PBXBuildFile; fileRef = 7DD0315C1D100AF600681639 /* LoginViewController.xib */; };
		7DD031611D100CDA00681639 /* RegistrationViewController.swift in Sources */ = {isa = PBXBuildFile; fileRef = 7DD0315F1D100CDA00681639 /* RegistrationViewController.swift */; };
		7DD031621D100CDA00681639 /* RegistrationViewController.xib in Resources */ = {isa = PBXBuildFile; fileRef = 7DD031601D100CDA00681639 /* RegistrationViewController.xib */; };
/* End PBXBuildFile section */

/* Begin PBXFileReference section */
		7DBFAEED1D089050006EAD4B /* iXplore.app */ = {isa = PBXFileReference; explicitFileType = wrapper.application; includeInIndex = 0; path = iXplore.app; sourceTree = BUILT_PRODUCTS_DIR; };
		7DBFAEF01D089050006EAD4B /* AppDelegate.swift */ = {isa = PBXFileReference; lastKnownFileType = sourcecode.swift; path = AppDelegate.swift; sourceTree = "<group>"; };
		7DBFAEF71D089050006EAD4B /* Assets.xcassets */ = {isa = PBXFileReference; lastKnownFileType = folder.assetcatalog; path = Assets.xcassets; sourceTree = "<group>"; };
		7DBFAEFA1D089050006EAD4B /* Base */ = {isa = PBXFileReference; lastKnownFileType = file.storyboard; name = Base; path = Base.lproj/LaunchScreen.storyboard; sourceTree = "<group>"; };
		7DBFAEFC1D089050006EAD4B /* Info.plist */ = {isa = PBXFileReference; lastKnownFileType = text.plist.xml; path = Info.plist; sourceTree = "<group>"; };
		7DD0311C1D0EA8F500681639 /* LandingViewController.swift */ = {isa = PBXFileReference; fileEncoding = 4; lastKnownFileType = sourcecode.swift; path = LandingViewController.swift; sourceTree = "<group>"; };
		7DD0311D1D0EA8F500681639 /* LandingViewController.xib */ = {isa = PBXFileReference; fileEncoding = 4; lastKnownFileType = file.xib; path = LandingViewController.xib; sourceTree = "<group>"; };
		7DD031201D0EAE5D00681639 /* MapKit.framework */ = {isa = PBXFileReference; lastKnownFileType = wrapper.framework; name = MapKit.framework; path = System/Library/Frameworks/MapKit.framework; sourceTree = SDKROOT; };
		7DD031231D0EAE9800681639 /* Place.swift */ = {isa = PBXFileReference; fileEncoding = 4; lastKnownFileType = sourcecode.swift; path = Place.swift; sourceTree = "<group>"; };
		7DD031271D0EB62700681639 /* SpotTableViewCell.swift */ = {isa = PBXFileReference; fileEncoding = 4; lastKnownFileType = sourcecode.swift; path = SpotTableViewCell.swift; sourceTree = "<group>"; };
		7DD0312C1D0EB69700681639 /* star_black.png */ = {isa = PBXFileReference; lastKnownFileType = image.png; path = star_black.png; sourceTree = "<group>"; };
		7DD0312E1D0EB69F00681639 /* star_pink.png */ = {isa = PBXFileReference; lastKnownFileType = image.png; path = star_pink.png; sourceTree = "<group>"; };
		7DD031571D10095100681639 /* HomeScreenViewController.swift */ = {isa = PBXFileReference; fileEncoding = 4; lastKnownFileType = sourcecode.swift; path = HomeScreenViewController.swift; sourceTree = "<group>"; };
		7DD031581D10095100681639 /* HomeScreenViewController.xib */ = {isa = PBXFileReference; fileEncoding = 4; lastKnownFileType = file.xib; path = HomeScreenViewController.xib; sourceTree = "<group>"; };
		7DD0315B1D100AF600681639 /* LoginViewController.swift */ = {isa = PBXFileReference; fileEncoding = 4; lastKnownFileType = sourcecode.swift; path = LoginViewController.swift; sourceTree = "<group>"; };
		7DD0315C1D100AF600681639 /* LoginViewController.xib */ = {isa = PBXFileReference; fileEncoding = 4; lastKnownFileType = file.xib; path = LoginViewController.xib; sourceTree = "<group>"; };
		7DD0315F1D100CDA00681639 /* RegistrationViewController.swift */ = {isa = PBXFileReference; fileEncoding = 4; lastKnownFileType = sourcecode.swift; path = RegistrationViewController.swift; sourceTree = "<group>"; };
		7DD031601D100CDA00681639 /* RegistrationViewController.xib */ = {isa = PBXFileReference; fileEncoding = 4; lastKnownFileType = file.xib; path = RegistrationViewController.xib; sourceTree = "<group>"; };
/* End PBXFileReference section */

/* Begin PBXFrameworksBuildPhase section */
		7DBFAEEA1D089050006EAD4B /* Frameworks */ = {
			isa = PBXFrameworksBuildPhase;
			buildActionMask = 2147483647;
			files = (
				7DD031211D0EAE5D00681639 /* MapKit.framework in Frameworks */,
			);
			runOnlyForDeploymentPostprocessing = 0;
		};
/* End PBXFrameworksBuildPhase section */

/* Begin PBXGroup section */
		7DBFAEE41D089050006EAD4B = {
			isa = PBXGroup;
			children = (
				7DD031201D0EAE5D00681639 /* MapKit.framework */,
				7DBFAEEF1D089050006EAD4B /* iXplore */,
				7DBFAEEE1D089050006EAD4B /* Products */,
			);
			sourceTree = "<group>";
		};
		7DBFAEEE1D089050006EAD4B /* Products */ = {
			isa = PBXGroup;
			children = (
				7DBFAEED1D089050006EAD4B /* iXplore.app */,
			);
			name = Products;
			sourceTree = "<group>";
		};
		7DBFAEEF1D089050006EAD4B /* iXplore */ = {
			isa = PBXGroup;
			children = (
				7DBFAEF01D089050006EAD4B /* AppDelegate.swift */,
				7DD031221D0EAE8400681639 /* Models */,
				7DD031251D0EB5C100681639 /* Views */,
				7DBFAEF71D089050006EAD4B /* Assets.xcassets */,
				7DBFAEF91D089050006EAD4B /* LaunchScreen.storyboard */,
				7DBFAEFC1D089050006EAD4B /* Info.plist */,
			);
			path = iXplore;
			sourceTree = "<group>";
		};
		7DD031221D0EAE8400681639 /* Models */ = {
			isa = PBXGroup;
			children = (
				7DD031301D0EC95500681639 /* pictires */,
				7DD031231D0EAE9800681639 /* Place.swift */,
			);
			name = Models;
			sourceTree = "<group>";
		};
		7DD031251D0EB5C100681639 /* Views */ = {
			isa = PBXGroup;
			children = (
				7DD031551D1008DB00681639 /* Map/Table */,
				7DD031541D1008B600681639 /* Onboarding */,
			);
			name = Views;
			sourceTree = "<group>";
		};
		7DD031261D0EB5E100681639 /* TableViewCell */ = {
			isa = PBXGroup;
			children = (
				7DD0312B1D0EB67000681639 /* Star Images */,
				7DD031271D0EB62700681639 /* SpotTableViewCell.swift */,
			);
			name = TableViewCell;
			sourceTree = "<group>";
		};
		7DD0312B1D0EB67000681639 /* Star Images */ = {
			isa = PBXGroup;
			children = (
				7DD0312E1D0EB69F00681639 /* star_pink.png */,
				7DD0312C1D0EB69700681639 /* star_black.png */,
			);
			name = "Star Images";
			sourceTree = "<group>";
		};
		7DD031301D0EC95500681639 /* pictires */ = {
			isa = PBXGroup;
			children = (
			);
			name = pictires;
			sourceTree = "<group>";
		};
		7DD031541D1008B600681639 /* Onboarding */ = {
			isa = PBXGroup;
			children = (
				7DD031571D10095100681639 /* HomeScreenViewController.swift */,
				7DD031581D10095100681639 /* HomeScreenViewController.xib */,
				7DD0315B1D100AF600681639 /* LoginViewController.swift */,
				7DD0315C1D100AF600681639 /* LoginViewController.xib */,
				7DD0315F1D100CDA00681639 /* RegistrationViewController.swift */,
				7DD031601D100CDA00681639 /* RegistrationViewController.xib */,
			);
			name = Onboarding;
			sourceTree = "<group>";
		};
		7DD031551D1008DB00681639 /* Map/Table */ = {
			isa = PBXGroup;
			children = (
				7DD0311C1D0EA8F500681639 /* LandingViewController.swift */,
				7DD0311D1D0EA8F500681639 /* LandingViewController.xib */,
				7DD031261D0EB5E100681639 /* TableViewCell */,
			);
			name = Map/Table;
			sourceTree = "<group>";
		};
/* End PBXGroup section */

/* Begin PBXNativeTarget section */
		7DBFAEEC1D089050006EAD4B /* iXplore */ = {
			isa = PBXNativeTarget;
			buildConfigurationList = 7DBFAEFF1D089050006EAD4B /* Build configuration list for PBXNativeTarget "iXplore" */;
			buildPhases = (
				7DBFAEE91D089050006EAD4B /* Sources */,
				7DBFAEEA1D089050006EAD4B /* Frameworks */,
				7DBFAEEB1D089050006EAD4B /* Resources */,
			);
			buildRules = (
			);
			dependencies = (
			);
			name = iXplore;
			productName = iXplore;
			productReference = 7DBFAEED1D089050006EAD4B /* iXplore.app */;
			productType = "com.apple.product-type.application";
		};
/* End PBXNativeTarget section */

/* Begin PBXProject section */
		7DBFAEE51D089050006EAD4B /* Project object */ = {
			isa = PBXProject;
			attributes = {
				LastSwiftUpdateCheck = 0730;
				LastUpgradeCheck = 0730;
				ORGANIZATIONNAME = "Natalie Polk";
				TargetAttributes = {
					7DBFAEEC1D089050006EAD4B = {
						CreatedOnToolsVersion = 7.3.1;
						SystemCapabilities = {
							com.apple.Maps.iOS = {
								enabled = 1;
							};
						};
					};
				};
			};
			buildConfigurationList = 7DBFAEE81D089050006EAD4B /* Build configuration list for PBXProject "iXplore" */;
			compatibilityVersion = "Xcode 3.2";
			developmentRegion = English;
			hasScannedForEncodings = 0;
			knownRegions = (
				en,
				Base,
			);
			mainGroup = 7DBFAEE41D089050006EAD4B;
			productRefGroup = 7DBFAEEE1D089050006EAD4B /* Products */;
			projectDirPath = "";
			projectRoot = "";
			targets = (
				7DBFAEEC1D089050006EAD4B /* iXplore */,
			);
		};
/* End PBXProject section */

/* Begin PBXResourcesBuildPhase section */
		7DBFAEEB1D089050006EAD4B /* Resources */ = {
			isa = PBXResourcesBuildPhase;
			buildActionMask = 2147483647;
			files = (
				7DD0311F1D0EA8F500681639 /* LandingViewController.xib in Resources */,
				7DD031621D100CDA00681639 /* RegistrationViewController.xib in Resources */,
				7DD0312F1D0EB69F00681639 /* star_pink.png in Resources */,
				7DBFAEFB1D089050006EAD4B /* LaunchScreen.storyboard in Resources */,
				7DD0315A1D10095100681639 /* HomeScreenViewController.xib in Resources */,
				7DD0312D1D0EB69700681639 /* star_black.png in Resources */,
				7DD0315E1D100AF600681639 /* LoginViewController.xib in Resources */,
				7DBFAEF81D089050006EAD4B /* Assets.xcassets in Resources */,
			);
			runOnlyForDeploymentPostprocessing = 0;
		};
/* End PBXResourcesBuildPhase section */

/* Begin PBXSourcesBuildPhase section */
		7DBFAEE91D089050006EAD4B /* Sources */ = {
			isa = PBXSourcesBuildPhase;
			buildActionMask = 2147483647;
			files = (
				7DD0315D1D100AF600681639 /* LoginViewController.swift in Sources */,
				7DD0311E1D0EA8F500681639 /* LandingViewController.swift in Sources */,
				7DBFAEF11D089050006EAD4B /* AppDelegate.swift in Sources */,
				7DD031241D0EAE9800681639 /* Place.swift in Sources */,
				7DD031611D100CDA00681639 /* RegistrationViewController.swift in Sources */,
				7DD031291D0EB62700681639 /* SpotTableViewCell.swift in Sources */,
				7DD031591D10095100681639 /* HomeScreenViewController.swift in Sources */,
			);
			runOnlyForDeploymentPostprocessing = 0;
		};
/* End PBXSourcesBuildPhase section */

/* Begin PBXVariantGroup section */
		7DBFAEF91D089050006EAD4B /* LaunchScreen.storyboard */ = {
			isa = PBXVariantGroup;
			children = (
				7DBFAEFA1D089050006EAD4B /* Base */,
			);
			name = LaunchScreen.storyboard;
			sourceTree = "<group>";
		};
/* End PBXVariantGroup section */

/* Begin XCBuildConfiguration section */
		7DBFAEFD1D089050006EAD4B /* Debug */ = {
			isa = XCBuildConfiguration;
			buildSettings = {
				ALWAYS_SEARCH_USER_PATHS = NO;
				CLANG_ANALYZER_NONNULL = YES;
				CLANG_CXX_LANGUAGE_STANDARD = "gnu++0x";
				CLANG_CXX_LIBRARY = "libc++";
				CLANG_ENABLE_MODULES = YES;
				CLANG_ENABLE_OBJC_ARC = YES;
				CLANG_WARN_BOOL_CONVERSION = YES;
				CLANG_WARN_CONSTANT_CONVERSION = YES;
				CLANG_WARN_DIRECT_OBJC_ISA_USAGE = YES_ERROR;
				CLANG_WARN_EMPTY_BODY = YES;
				CLANG_WARN_ENUM_CONVERSION = YES;
				CLANG_WARN_INT_CONVERSION = YES;
				CLANG_WARN_OBJC_ROOT_CLASS = YES_ERROR;
				CLANG_WARN_UNREACHABLE_CODE = YES;
				CLANG_WARN__DUPLICATE_METHOD_MATCH = YES;
				"CODE_SIGN_IDENTITY[sdk=iphoneos*]" = "iPhone Developer";
				COPY_PHASE_STRIP = NO;
				DEBUG_INFORMATION_FORMAT = dwarf;
				ENABLE_STRICT_OBJC_MSGSEND = YES;
				ENABLE_TESTABILITY = YES;
				GCC_C_LANGUAGE_STANDARD = gnu99;
				GCC_DYNAMIC_NO_PIC = NO;
				GCC_NO_COMMON_BLOCKS = YES;
				GCC_OPTIMIZATION_LEVEL = 0;
				GCC_PREPROCESSOR_DEFINITIONS = (
					"DEBUG=1",
					"$(inherited)",
				);
				GCC_WARN_64_TO_32_BIT_CONVERSION = YES;
				GCC_WARN_ABOUT_RETURN_TYPE = YES_ERROR;
				GCC_WARN_UNDECLARED_SELECTOR = YES;
				GCC_WARN_UNINITIALIZED_AUTOS = YES_AGGRESSIVE;
				GCC_WARN_UNUSED_FUNCTION = YES;
				GCC_WARN_UNUSED_VARIABLE = YES;
				IPHONEOS_DEPLOYMENT_TARGET = 9.3;
				MTL_ENABLE_DEBUG_INFO = YES;
				ONLY_ACTIVE_ARCH = YES;
				SDKROOT = iphoneos;
				SWIFT_OPTIMIZATION_LEVEL = "-Onone";
			};
			name = Debug;
		};
		7DBFAEFE1D089050006EAD4B /* Release */ = {
			isa = XCBuildConfiguration;
			buildSettings = {
				ALWAYS_SEARCH_USER_PATHS = NO;
				CLANG_ANALYZER_NONNULL = YES;
				CLANG_CXX_LANGUAGE_STANDARD = "gnu++0x";
				CLANG_CXX_LIBRARY = "libc++";
				CLANG_ENABLE_MODULES = YES;
				CLANG_ENABLE_OBJC_ARC = YES;
				CLANG_WARN_BOOL_CONVERSION = YES;
				CLANG_WARN_CONSTANT_CONVERSION = YES;
				CLANG_WARN_DIRECT_OBJC_ISA_USAGE = YES_ERROR;
				CLANG_WARN_EMPTY_BODY = YES;
				CLANG_WARN_ENUM_CONVERSION = YES;
				CLANG_WARN_INT_CONVERSION = YES;
				CLANG_WARN_OBJC_ROOT_CLASS = YES_ERROR;
				CLANG_WARN_UNREACHABLE_CODE = YES;
				CLANG_WARN__DUPLICATE_METHOD_MATCH = YES;
				"CODE_SIGN_IDENTITY[sdk=iphoneos*]" = "iPhone Developer";
				COPY_PHASE_STRIP = NO;
				DEBUG_INFORMATION_FORMAT = "dwarf-with-dsym";
				ENABLE_NS_ASSERTIONS = NO;
				ENABLE_STRICT_OBJC_MSGSEND = YES;
				GCC_C_LANGUAGE_STANDARD = gnu99;
				GCC_NO_COMMON_BLOCKS = YES;
				GCC_WARN_64_TO_32_BIT_CONVERSION = YES;
				GCC_WARN_ABOUT_RETURN_TYPE = YES_ERROR;
				GCC_WARN_UNDECLARED_SELECTOR = YES;
				GCC_WARN_UNINITIALIZED_AUTOS = YES_AGGRESSIVE;
				GCC_WARN_UNUSED_FUNCTION = YES;
				GCC_WARN_UNUSED_VARIABLE = YES;
				IPHONEOS_DEPLOYMENT_TARGET = 9.3;
				MTL_ENABLE_DEBUG_INFO = NO;
				SDKROOT = iphoneos;
				VALIDATE_PRODUCT = YES;
			};
			name = Release;
		};
		7DBFAF001D089050006EAD4B /* Debug */ = {
			isa = XCBuildConfiguration;
			buildSettings = {
				ASSETCATALOG_COMPILER_APPICON_NAME = AppIcon;
				INFOPLIST_FILE = iXplore/Info.plist;
				LD_RUNPATH_SEARCH_PATHS = "$(inherited) @executable_path/Frameworks";
				PRODUCT_BUNDLE_IDENTIFIER = com.nataliepolk.iXplore;
				PRODUCT_NAME = "$(TARGET_NAME)";
			};
			name = Debug;
		};
		7DBFAF011D089050006EAD4B /* Release */ = {
			isa = XCBuildConfiguration;
			buildSettings = {
				ASSETCATALOG_COMPILER_APPICON_NAME = AppIcon;
				INFOPLIST_FILE = iXplore/Info.plist;
				LD_RUNPATH_SEARCH_PATHS = "$(inherited) @executable_path/Frameworks";
				PRODUCT_BUNDLE_IDENTIFIER = com.nataliepolk.iXplore;
				PRODUCT_NAME = "$(TARGET_NAME)";
			};
			name = Release;
		};
/* End XCBuildConfiguration section */

/* Begin XCConfigurationList section */
		7DBFAEE81D089050006EAD4B /* Build configuration list for PBXProject "iXplore" */ = {
			isa = XCConfigurationList;
			buildConfigurations = (
				7DBFAEFD1D089050006EAD4B /* Debug */,
				7DBFAEFE1D089050006EAD4B /* Release */,
			);
			defaultConfigurationIsVisible = 0;
			defaultConfigurationName = Release;
		};
		7DBFAEFF1D089050006EAD4B /* Build configuration list for PBXNativeTarget "iXplore" */ = {
			isa = XCConfigurationList;
			buildConfigurations = (
				7DBFAF001D089050006EAD4B /* Debug */,
				7DBFAF011D089050006EAD4B /* Release */,
			);
			defaultConfigurationIsVisible = 0;
			defaultConfigurationName = Release;
		};
/* End XCConfigurationList section */
	};
	rootObject = 7DBFAEE51D089050006EAD4B /* Project object */;
}
